<Solution>
  <Project Path="InventoryManagementSystem.Cli/InventoryManagementSystem.Cli.csproj" />
  <Project Path="InventoryManagementSystem.Core/InventoryManagementSystem.Core.csproj" />
  <Project Path="InventoryManagementSystem.SqlServer/InventoryManagementSystem.SqlServer.csproj" />
</Solution>
